
Microsoft Visual Studio Solution File, Format Version 12.00
# Visual Studio Version 17
VisualStudioVersion = 17.13.35931.197 d17.13
MinimumVisualStudioVersion = 10.0.40219.1
Project("{FAE04EC0-301F-11D3-BF4B-00C04F79EFBC}") = "SimuladorProcesos", "SimuladorProcesos.csproj", "{FBF24E58-0AA3-4758-BA1B-DA3C17523210}"
EndProject
Global
	GlobalSection(SolutionConfigurationPlatforms) = preSolution
		Debug|Any CPU = Debug|Any CPU
		Release|Any CPU = Release|Any CPU
	EndGlobalSection
	GlobalSection(ProjectConfigurationPlatforms) = postSolution
		{FBF24E58-0AA3-4758-BA1B-DA3C17523210}.Debug|Any CPU.ActiveCfg = Debug|Any CPU
		{FBF24E58-0AA3-4758-BA1B-DA3C17523210}.Debug|Any CPU.Build.0 = Debug|Any CPU
		{FBF24E58-0AA3-4758-BA1B-DA3C17523210}.Release|Any CPU.ActiveCfg = Release|Any CPU
		{FBF24E58-0AA3-4758-BA1B-DA3C17523210}.Release|Any CPU.Build.0 = Release|Any CPU
	EndGlobalSection
	GlobalSection(SolutionProperties) = preSolution
		HideSolutionNode = FALSE
	EndGlobalSection
	GlobalSection(ExtensibilityGlobals) = postSolution
		SolutionGuid = {E6D95286-5212-43A8-AE80-5B5F0BE26CA1}
	EndGlobalSection
EndGlobal
